
Microsoft Visual Studio Solution File, Format Version 12.00
# Visual Studio Version 17
VisualStudioVersion = 17.5.33516.290
MinimumVisualStudioVersion = 10.0.40219.1
Project("{FAE04EC0-301F-11D3-BF4B-00C04F79EFBC}") = "WebApplication1", "WebApplication1\WebApplication1.csproj", "{A8F82BC2-8025-4CE6-83EB-2418A7DD2575}"
EndProject
Global
	GlobalSection(SolutionConfigurationPlatforms) = preSolution
		Debug|Any CPU = Debug|Any CPU
		Release|Any CPU = Release|Any CPU
	EndGlobalSection
	GlobalSection(ProjectConfigurationPlatforms) = postSolution
		{A8F82BC2-8025-4CE6-83EB-2418A7DD2575}.Debug|Any CPU.ActiveCfg = Debug|Any CPU
		{A8F82BC2-8025-4CE6-83EB-2418A7DD2575}.Debug|Any CPU.Build.0 = Debug|Any CPU
		{A8F82BC2-8025-4CE6-83EB-2418A7DD2575}.Release|Any CPU.ActiveCfg = Release|Any CPU
		{A8F82BC2-8025-4CE6-83EB-2418A7DD2575}.Release|Any CPU.Build.0 = Release|Any CPU
	EndGlobalSection
	GlobalSection(SolutionProperties) = preSolution
		HideSolutionNode = FALSE
	EndGlobalSection
	GlobalSection(ExtensibilityGlobals) = postSolution
		SolutionGuid = {F7654D96-68F5-4EC2-B211-B3FAF503CA91}
	EndGlobalSection
EndGlobal
